// !$*UTF8*$!
{
	archiveVersion = 1;
	classes = {
	};
	objectVersion = 56;
	objects = {

/* Begin PBXBuildFile section */
		EA2C9B9E29B686E20019DB36 /* RecipesApp.swift in Sources */ = {isa = PBXBuildFile; fileRef = EA2C9B9D29B686E20019DB36 /* RecipesApp.swift */; };
		EA2C9BA029B686E20019DB36 /* RecipeListView.swift in Sources */ = {isa = PBXBuildFile; fileRef = EA2C9B9F29B686E20019DB36 /* RecipeListView.swift */; };
		EA2C9BA229B686E40019DB36 /* Assets.xcassets in Resources */ = {isa = PBXBuildFile; fileRef = EA2C9BA129B686E40019DB36 /* Assets.xcassets */; };
		EA2C9BA729B686E40019DB36 /* Persistence.swift in Sources */ = {isa = PBXBuildFile; fileRef = EA2C9BA629B686E40019DB36 /* Persistence.swift */; };
		EA2C9BAA29B686E40019DB36 /* Recipes.xcdatamodeld in Sources */ = {isa = PBXBuildFile; fileRef = EA2C9BA829B686E40019DB36 /* Recipes.xcdatamodeld */; };
		EA2C9BB429B686E50019DB36 /* RecipeViewModelTests.swift in Sources */ = {isa = PBXBuildFile; fileRef = EA2C9BB329B686E50019DB36 /* RecipeViewModelTests.swift */; };
		EA2C9BCF29B689F30019DB36 /* RecipeView.swift in Sources */ = {isa = PBXBuildFile; fileRef = EA2C9BCE29B689F30019DB36 /* RecipeView.swift */; };
		EA2C9BD129B68B680019DB36 /* RecipeViewModel.swift in Sources */ = {isa = PBXBuildFile; fileRef = EA2C9BD029B68B680019DB36 /* RecipeViewModel.swift */; };
		EA2C9BD929B68F9D0019DB36 /* Recipe.swift in Sources */ = {isa = PBXBuildFile; fileRef = EA2C9BD829B68F9C0019DB36 /* Recipe.swift */; };
		EA2C9BDB29B6A30A0019DB36 /* ImagePicker.swift in Sources */ = {isa = PBXBuildFile; fileRef = EA2C9BDA29B6A30A0019DB36 /* ImagePicker.swift */; };
		EA2C9BDD29B7DBCD0019DB36 /* Theme.swift in Sources */ = {isa = PBXBuildFile; fileRef = EA2C9BDC29B7DBCD0019DB36 /* Theme.swift */; };
		EA2C9BE029B7DC050019DB36 /* Colours.xcassets in Resources */ = {isa = PBXBuildFile; fileRef = EA2C9BDF29B7DC050019DB36 /* Colours.xcassets */; };
		EA2C9BE329B7DF750019DB36 /* CategoryListView.swift in Sources */ = {isa = PBXBuildFile; fileRef = EA2C9BE229B7DF750019DB36 /* CategoryListView.swift */; };
		EA51E10529E196A400F5EC59 /* ImagePickerView.swift in Sources */ = {isa = PBXBuildFile; fileRef = EA51E10429E196A400F5EC59 /* ImagePickerView.swift */; };
		EA51E10729E196C900F5EC59 /* CategoryPickerView.swift in Sources */ = {isa = PBXBuildFile; fileRef = EA51E10629E196C900F5EC59 /* CategoryPickerView.swift */; };
		EA51E10929E199AA00F5EC59 /* BookPickerView.swift in Sources */ = {isa = PBXBuildFile; fileRef = EA51E10829E199AA00F5EC59 /* BookPickerView.swift */; };
		EA51E10C29E19AA200F5EC59 /* BookListView.swift in Sources */ = {isa = PBXBuildFile; fileRef = EA51E10B29E19AA200F5EC59 /* BookListView.swift */; };
		EA51E10E29E19AC600F5EC59 /* BookListViewModel.swift in Sources */ = {isa = PBXBuildFile; fileRef = EA51E10D29E19AC600F5EC59 /* BookListViewModel.swift */; };
		EA51E11029E19B6F00F5EC59 /* Book.swift in Sources */ = {isa = PBXBuildFile; fileRef = EA51E10F29E19B6F00F5EC59 /* Book.swift */; };
		EA51E11229E1AE7500F5EC59 /* RatingView.swift in Sources */ = {isa = PBXBuildFile; fileRef = EA51E11129E1AE7500F5EC59 /* RatingView.swift */; };
		EA51E11429E1B47100F5EC59 /* SuggestionsView.swift in Sources */ = {isa = PBXBuildFile; fileRef = EA51E11329E1B47100F5EC59 /* SuggestionsView.swift */; };
		EA51E11A29E1D22900F5EC59 /* RecipeListViewModel.swift in Sources */ = {isa = PBXBuildFile; fileRef = EA51E11929E1D22900F5EC59 /* RecipeListViewModel.swift */; };
		EA51E11C29E1E8E200F5EC59 /* RecipeListViewModelTests.swift in Sources */ = {isa = PBXBuildFile; fileRef = EA51E11B29E1E8E200F5EC59 /* RecipeListViewModelTests.swift */; };
		EA51E12229E1FACB00F5EC59 /* GenerateRecipeView.swift in Sources */ = {isa = PBXBuildFile; fileRef = EA51E12129E1FACB00F5EC59 /* GenerateRecipeView.swift */; };
		EA51E12429E1FB3600F5EC59 /* GenerateRecipeViewModel.swift in Sources */ = {isa = PBXBuildFile; fileRef = EA51E12329E1FB3600F5EC59 /* GenerateRecipeViewModel.swift */; };
		EA51E12629E1FB8E00F5EC59 /* GenerateRecipeViewModelTests.swift in Sources */ = {isa = PBXBuildFile; fileRef = EA51E12529E1FB8E00F5EC59 /* GenerateRecipeViewModelTests.swift */; };
		EA72714D29E08D35004FD801 /* CategoryListViewModel.swift in Sources */ = {isa = PBXBuildFile; fileRef = EA72714C29E08D35004FD801 /* CategoryListViewModel.swift */; };
		EA72714F29E08D50004FD801 /* CategoryListViewModelTests.swift in Sources */ = {isa = PBXBuildFile; fileRef = EA72714E29E08D50004FD801 /* CategoryListViewModelTests.swift */; };
		EA72715129E0905F004FD801 /* Category.swift in Sources */ = {isa = PBXBuildFile; fileRef = EA72715029E0905F004FD801 /* Category.swift */; };
		EAFD607629DF20EC00038612 /* PhotoView.swift in Sources */ = {isa = PBXBuildFile; fileRef = EAFD607529DF20EC00038612 /* PhotoView.swift */; };
/* End PBXBuildFile section */

/* Begin PBXContainerItemProxy section */
		EA2C9BB029B686E50019DB36 /* PBXContainerItemProxy */ = {
			isa = PBXContainerItemProxy;
			containerPortal = EA2C9B9229B686E20019DB36 /* Project object */;
			proxyType = 1;
			remoteGlobalIDString = EA2C9B9929B686E20019DB36;
			remoteInfo = Recipes;
		};
/* End PBXContainerItemProxy section */

/* Begin PBXFileReference section */
		EA2C9B9A29B686E20019DB36 /* Recipes.app */ = {isa = PBXFileReference; explicitFileType = wrapper.application; includeInIndex = 0; path = Recipes.app; sourceTree = BUILT_PRODUCTS_DIR; };
		EA2C9B9D29B686E20019DB36 /* RecipesApp.swift */ = {isa = PBXFileReference; lastKnownFileType = sourcecode.swift; path = RecipesApp.swift; sourceTree = "<group>"; };
		EA2C9B9F29B686E20019DB36 /* RecipeListView.swift */ = {isa = PBXFileReference; lastKnownFileType = sourcecode.swift; path = RecipeListView.swift; sourceTree = "<group>"; };
		EA2C9BA129B686E40019DB36 /* Assets.xcassets */ = {isa = PBXFileReference; lastKnownFileType = folder.assetcatalog; path = Assets.xcassets; sourceTree = "<group>"; };
		EA2C9BA629B686E40019DB36 /* Persistence.swift */ = {isa = PBXFileReference; lastKnownFileType = sourcecode.swift; path = Persistence.swift; sourceTree = "<group>"; };
		EA2C9BA929B686E40019DB36 /* Recipes.xcdatamodel */ = {isa = PBXFileReference; lastKnownFileType = wrapper.xcdatamodel; path = Recipes.xcdatamodel; sourceTree = "<group>"; };
		EA2C9BAF29B686E50019DB36 /* RecipesTests.xctest */ = {isa = PBXFileReference; explicitFileType = wrapper.cfbundle; includeInIndex = 0; path = RecipesTests.xctest; sourceTree = BUILT_PRODUCTS_DIR; };
		EA2C9BB329B686E50019DB36 /* RecipeViewModelTests.swift */ = {isa = PBXFileReference; lastKnownFileType = sourcecode.swift; path = RecipeViewModelTests.swift; sourceTree = "<group>"; };
		EA2C9BCE29B689F30019DB36 /* RecipeView.swift */ = {isa = PBXFileReference; lastKnownFileType = sourcecode.swift; path = RecipeView.swift; sourceTree = "<group>"; };
		EA2C9BD029B68B680019DB36 /* RecipeViewModel.swift */ = {isa = PBXFileReference; lastKnownFileType = sourcecode.swift; path = RecipeViewModel.swift; sourceTree = "<group>"; };
		EA2C9BD829B68F9C0019DB36 /* Recipe.swift */ = {isa = PBXFileReference; lastKnownFileType = sourcecode.swift; path = Recipe.swift; sourceTree = "<group>"; };
		EA2C9BDA29B6A30A0019DB36 /* ImagePicker.swift */ = {isa = PBXFileReference; lastKnownFileType = sourcecode.swift; path = ImagePicker.swift; sourceTree = "<group>"; };
		EA2C9BDC29B7DBCD0019DB36 /* Theme.swift */ = {isa = PBXFileReference; lastKnownFileType = sourcecode.swift; path = Theme.swift; sourceTree = "<group>"; };
		EA2C9BDF29B7DC050019DB36 /* Colours.xcassets */ = {isa = PBXFileReference; lastKnownFileType = folder.assetcatalog; path = Colours.xcassets; sourceTree = "<group>"; };
		EA2C9BE229B7DF750019DB36 /* CategoryListView.swift */ = {isa = PBXFileReference; lastKnownFileType = sourcecode.swift; path = CategoryListView.swift; sourceTree = "<group>"; };
		EA51E10429E196A400F5EC59 /* ImagePickerView.swift */ = {isa = PBXFileReference; lastKnownFileType = sourcecode.swift; path = ImagePickerView.swift; sourceTree = "<group>"; };
		EA51E10629E196C900F5EC59 /* CategoryPickerView.swift */ = {isa = PBXFileReference; lastKnownFileType = sourcecode.swift; path = CategoryPickerView.swift; sourceTree = "<group>"; };
		EA51E10829E199AA00F5EC59 /* BookPickerView.swift */ = {isa = PBXFileReference; lastKnownFileType = sourcecode.swift; path = BookPickerView.swift; sourceTree = "<group>"; };
		EA51E10B29E19AA200F5EC59 /* BookListView.swift */ = {isa = PBXFileReference; lastKnownFileType = sourcecode.swift; path = BookListView.swift; sourceTree = "<group>"; };
		EA51E10D29E19AC600F5EC59 /* BookListViewModel.swift */ = {isa = PBXFileReference; lastKnownFileType = sourcecode.swift; path = BookListViewModel.swift; sourceTree = "<group>"; };
		EA51E10F29E19B6F00F5EC59 /* Book.swift */ = {isa = PBXFileReference; lastKnownFileType = sourcecode.swift; path = Book.swift; sourceTree = "<group>"; };
		EA51E11129E1AE7500F5EC59 /* RatingView.swift */ = {isa = PBXFileReference; lastKnownFileType = sourcecode.swift; path = RatingView.swift; sourceTree = "<group>"; };
		EA51E11329E1B47100F5EC59 /* SuggestionsView.swift */ = {isa = PBXFileReference; lastKnownFileType = sourcecode.swift; path = SuggestionsView.swift; sourceTree = "<group>"; };
		EA51E11929E1D22900F5EC59 /* RecipeListViewModel.swift */ = {isa = PBXFileReference; lastKnownFileType = sourcecode.swift; path = RecipeListViewModel.swift; sourceTree = "<group>"; };
		EA51E11B29E1E8E200F5EC59 /* RecipeListViewModelTests.swift */ = {isa = PBXFileReference; lastKnownFileType = sourcecode.swift; path = RecipeListViewModelTests.swift; sourceTree = "<group>"; };
		EA51E12129E1FACB00F5EC59 /* GenerateRecipeView.swift */ = {isa = PBXFileReference; lastKnownFileType = sourcecode.swift; path = GenerateRecipeView.swift; sourceTree = "<group>"; };
		EA51E12329E1FB3600F5EC59 /* GenerateRecipeViewModel.swift */ = {isa = PBXFileReference; lastKnownFileType = sourcecode.swift; path = GenerateRecipeViewModel.swift; sourceTree = "<group>"; };
		EA51E12529E1FB8E00F5EC59 /* GenerateRecipeViewModelTests.swift */ = {isa = PBXFileReference; lastKnownFileType = sourcecode.swift; path = GenerateRecipeViewModelTests.swift; sourceTree = "<group>"; };
		EA72714C29E08D35004FD801 /* CategoryListViewModel.swift */ = {isa = PBXFileReference; lastKnownFileType = sourcecode.swift; path = CategoryListViewModel.swift; sourceTree = "<group>"; };
		EA72714E29E08D50004FD801 /* CategoryListViewModelTests.swift */ = {isa = PBXFileReference; lastKnownFileType = sourcecode.swift; path = CategoryListViewModelTests.swift; sourceTree = "<group>"; };
		EA72715029E0905F004FD801 /* Category.swift */ = {isa = PBXFileReference; lastKnownFileType = sourcecode.swift; path = Category.swift; sourceTree = "<group>"; };
		EAFD607529DF20EC00038612 /* PhotoView.swift */ = {isa = PBXFileReference; lastKnownFileType = sourcecode.swift; path = PhotoView.swift; sourceTree = "<group>"; };
/* End PBXFileReference section */

/* Begin PBXFrameworksBuildPhase section */
		EA2C9B9729B686E20019DB36 /* Frameworks */ = {
			isa = PBXFrameworksBuildPhase;
			buildActionMask = 2147483647;
			files = (
			);
			runOnlyForDeploymentPostprocessing = 0;
		};
		EA2C9BAC29B686E50019DB36 /* Frameworks */ = {
			isa = PBXFrameworksBuildPhase;
			buildActionMask = 2147483647;
			files = (
			);
			runOnlyForDeploymentPostprocessing = 0;
		};
/* End PBXFrameworksBuildPhase section */

/* Begin PBXGroup section */
		EA2C9B9129B686E20019DB36 = {
			isa = PBXGroup;
			children = (
				EA2C9B9C29B686E20019DB36 /* Recipes */,
				EA2C9BB229B686E50019DB36 /* RecipesTests */,
				EA2C9B9B29B686E20019DB36 /* Products */,
			);
			sourceTree = "<group>";
		};
		EA2C9B9B29B686E20019DB36 /* Products */ = {
			isa = PBXGroup;
			children = (
				EA2C9B9A29B686E20019DB36 /* Recipes.app */,
				EA2C9BAF29B686E50019DB36 /* RecipesTests.xctest */,
			);
			name = Products;
			sourceTree = "<group>";
		};
		EA2C9B9C29B686E20019DB36 /* Recipes */ = {
			isa = PBXGroup;
			children = (
				EA2C9BD729B68F920019DB36 /* Model */,
				EA51E11D29E1EE1700F5EC59 /* App */,
				EA51E11F29E1EFB400F5EC59 /* Features */,
				EA2C9BDE29B7DBF10019DB36 /* Resources */,
				EA2C9BDC29B7DBCD0019DB36 /* Theme.swift */,
			);
			path = Recipes;
			sourceTree = "<group>";
		};
		EA2C9BB229B686E50019DB36 /* RecipesTests */ = {
			isa = PBXGroup;
			children = (
				EA2C9BB329B686E50019DB36 /* RecipeViewModelTests.swift */,
				EA51E11B29E1E8E200F5EC59 /* RecipeListViewModelTests.swift */,
				EA72714E29E08D50004FD801 /* CategoryListViewModelTests.swift */,
				EA51E12529E1FB8E00F5EC59 /* GenerateRecipeViewModelTests.swift */,
			);
			path = RecipesTests;
			sourceTree = "<group>";
		};
		EA2C9BD229B68B6D0019DB36 /* RecipeView */ = {
			isa = PBXGroup;
			children = (
				EA2C9BCE29B689F30019DB36 /* RecipeView.swift */,
				EA51E11129E1AE7500F5EC59 /* RatingView.swift */,
				EA51E11329E1B47100F5EC59 /* SuggestionsView.swift */,
				EA51E10629E196C900F5EC59 /* CategoryPickerView.swift */,
				EA51E10829E199AA00F5EC59 /* BookPickerView.swift */,
				EA51E10429E196A400F5EC59 /* ImagePickerView.swift */,
				EAFD607529DF20EC00038612 /* PhotoView.swift */,
				EA2C9BDA29B6A30A0019DB36 /* ImagePicker.swift */,
				EA2C9BD029B68B680019DB36 /* RecipeViewModel.swift */,
			);
			path = RecipeView;
			sourceTree = "<group>";
		};
		EA2C9BD729B68F920019DB36 /* Model */ = {
			isa = PBXGroup;
			children = (
				EA2C9BA829B686E40019DB36 /* Recipes.xcdatamodeld */,
				EA2C9BA629B686E40019DB36 /* Persistence.swift */,
				EA2C9BD829B68F9C0019DB36 /* Recipe.swift */,
				EA72715029E0905F004FD801 /* Category.swift */,
				EA51E10F29E19B6F00F5EC59 /* Book.swift */,
			);
			path = Model;
			sourceTree = "<group>";
		};
		EA2C9BDE29B7DBF10019DB36 /* Resources */ = {
			isa = PBXGroup;
			children = (
				EA2C9BA129B686E40019DB36 /* Assets.xcassets */,
				EA2C9BDF29B7DC050019DB36 /* Colours.xcassets */,
			);
			path = Resources;
			sourceTree = "<group>";
		};
		EA2C9BE129B7DF5E0019DB36 /* CategoryList */ = {
			isa = PBXGroup;
			children = (
				EA2C9BE229B7DF750019DB36 /* CategoryListView.swift */,
				EA72714C29E08D35004FD801 /* CategoryListViewModel.swift */,
			);
			path = CategoryList;
			sourceTree = "<group>";
		};
		EA51E10A29E19A8A00F5EC59 /* BookList */ = {
			isa = PBXGroup;
			children = (
				EA51E10B29E19AA200F5EC59 /* BookListView.swift */,
				EA51E10D29E19AC600F5EC59 /* BookListViewModel.swift */,
			);
			path = BookList;
			sourceTree = "<group>";
		};
		EA51E11D29E1EE1700F5EC59 /* App */ = {
			isa = PBXGroup;
			children = (
				EA2C9B9D29B686E20019DB36 /* RecipesApp.swift */,
			);
			path = App;
			sourceTree = "<group>";
		};
		EA51E11E29E1EE3900F5EC59 /* RecipeListView */ = {
			isa = PBXGroup;
			children = (
				EA2C9B9F29B686E20019DB36 /* RecipeListView.swift */,
				EA51E11929E1D22900F5EC59 /* RecipeListViewModel.swift */,
			);
			path = RecipeListView;
			sourceTree = "<group>";
		};
		EA51E11F29E1EFB400F5EC59 /* Features */ = {
			isa = PBXGroup;
			children = (
				EA51E12029E1FABC00F5EC59 /* GenerateRecipe */,
				EA51E10A29E19A8A00F5EC59 /* BookList */,
				EA2C9BE129B7DF5E0019DB36 /* CategoryList */,
				EA51E11E29E1EE3900F5EC59 /* RecipeListView */,
				EA2C9BD229B68B6D0019DB36 /* RecipeView */,
			);
			path = Features;
			sourceTree = "<group>";
		};
		EA51E12029E1FABC00F5EC59 /* GenerateRecipe */ = {
			isa = PBXGroup;
			children = (
				EA51E12129E1FACB00F5EC59 /* GenerateRecipeView.swift */,
				EA51E12329E1FB3600F5EC59 /* GenerateRecipeViewModel.swift */,
			);
			path = GenerateRecipe;
			sourceTree = "<group>";
		};
/* End PBXGroup section */

/* Begin PBXNativeTarget section */
		EA2C9B9929B686E20019DB36 /* Recipes */ = {
			isa = PBXNativeTarget;
			buildConfigurationList = EA2C9BC329B686E50019DB36 /* Build configuration list for PBXNativeTarget "Recipes" */;
			buildPhases = (
				EA2C9B9629B686E20019DB36 /* Sources */,
				EA2C9B9729B686E20019DB36 /* Frameworks */,
				EA2C9B9829B686E20019DB36 /* Resources */,
			);
			buildRules = (
			);
			dependencies = (
			);
			name = Recipes;
			productName = Recipes;
			productReference = EA2C9B9A29B686E20019DB36 /* Recipes.app */;
			productType = "com.apple.product-type.application";
		};
		EA2C9BAE29B686E50019DB36 /* RecipesTests */ = {
			isa = PBXNativeTarget;
			buildConfigurationList = EA2C9BC629B686E50019DB36 /* Build configuration list for PBXNativeTarget "RecipesTests" */;
			buildPhases = (
				EA2C9BAB29B686E50019DB36 /* Sources */,
				EA2C9BAC29B686E50019DB36 /* Frameworks */,
				EA2C9BAD29B686E50019DB36 /* Resources */,
			);
			buildRules = (
			);
			dependencies = (
				EA2C9BB129B686E50019DB36 /* PBXTargetDependency */,
			);
			name = RecipesTests;
			productName = RecipesTests;
			productReference = EA2C9BAF29B686E50019DB36 /* RecipesTests.xctest */;
			productType = "com.apple.product-type.bundle.unit-test";
		};
/* End PBXNativeTarget section */

/* Begin PBXProject section */
		EA2C9B9229B686E20019DB36 /* Project object */ = {
			isa = PBXProject;
			attributes = {
				BuildIndependentTargetsInParallel = 1;
				LastSwiftUpdateCheck = 1410;
				LastUpgradeCheck = 1410;
				TargetAttributes = {
					EA2C9B9929B686E20019DB36 = {
						CreatedOnToolsVersion = 14.1;
					};
					EA2C9BAE29B686E50019DB36 = {
						CreatedOnToolsVersion = 14.1;
						TestTargetID = EA2C9B9929B686E20019DB36;
					};
				};
			};
			buildConfigurationList = EA2C9B9529B686E20019DB36 /* Build configuration list for PBXProject "Recipes" */;
			compatibilityVersion = "Xcode 14.0";
			developmentRegion = en;
			hasScannedForEncodings = 0;
			knownRegions = (
				en,
				Base,
			);
			mainGroup = EA2C9B9129B686E20019DB36;
			productRefGroup = EA2C9B9B29B686E20019DB36 /* Products */;
			projectDirPath = "";
			projectRoot = "";
			targets = (
				EA2C9B9929B686E20019DB36 /* Recipes */,
				EA2C9BAE29B686E50019DB36 /* RecipesTests */,
			);
		};
/* End PBXProject section */

/* Begin PBXResourcesBuildPhase section */
		EA2C9B9829B686E20019DB36 /* Resources */ = {
			isa = PBXResourcesBuildPhase;
			buildActionMask = 2147483647;
			files = (
				EA2C9BA229B686E40019DB36 /* Assets.xcassets in Resources */,
				EA2C9BE029B7DC050019DB36 /* Colours.xcassets in Resources */,
			);
			runOnlyForDeploymentPostprocessing = 0;
		};
		EA2C9BAD29B686E50019DB36 /* Resources */ = {
			isa = PBXResourcesBuildPhase;
			buildActionMask = 2147483647;
			files = (
			);
			runOnlyForDeploymentPostprocessing = 0;
		};
/* End PBXResourcesBuildPhase section */

/* Begin PBXSourcesBuildPhase section */
		EA2C9B9629B686E20019DB36 /* Sources */ = {
			isa = PBXSourcesBuildPhase;
			buildActionMask = 2147483647;
			files = (
				EA51E12229E1FACB00F5EC59 /* GenerateRecipeView.swift in Sources */,
				EA51E11A29E1D22900F5EC59 /* RecipeListViewModel.swift in Sources */,
				EA51E10C29E19AA200F5EC59 /* BookListView.swift in Sources */,
				EA2C9BDD29B7DBCD0019DB36 /* Theme.swift in Sources */,
				EA2C9BA729B686E40019DB36 /* Persistence.swift in Sources */,
				EA51E11229E1AE7500F5EC59 /* RatingView.swift in Sources */,
				EA2C9BA029B686E20019DB36 /* RecipeListView.swift in Sources */,
				EA51E12429E1FB3600F5EC59 /* GenerateRecipeViewModel.swift in Sources */,
				EA51E10929E199AA00F5EC59 /* BookPickerView.swift in Sources */,
				EA51E10E29E19AC600F5EC59 /* BookListViewModel.swift in Sources */,
				EA2C9BD929B68F9D0019DB36 /* Recipe.swift in Sources */,
				EA51E10529E196A400F5EC59 /* ImagePickerView.swift in Sources */,
				EA51E11429E1B47100F5EC59 /* SuggestionsView.swift in Sources */,
				EA2C9BE329B7DF750019DB36 /* CategoryListView.swift in Sources */,
				EAFD607629DF20EC00038612 /* PhotoView.swift in Sources */,
				EA2C9BD129B68B680019DB36 /* RecipeViewModel.swift in Sources */,
				EA51E11029E19B6F00F5EC59 /* Book.swift in Sources */,
				EA2C9B9E29B686E20019DB36 /* RecipesApp.swift in Sources */,
				EA72714D29E08D35004FD801 /* CategoryListViewModel.swift in Sources */,
				EA72715129E0905F004FD801 /* Category.swift in Sources */,
				EA2C9BDB29B6A30A0019DB36 /* ImagePicker.swift in Sources */,
				EA2C9BAA29B686E40019DB36 /* Recipes.xcdatamodeld in Sources */,
				EA51E10729E196C900F5EC59 /* CategoryPickerView.swift in Sources */,
				EA2C9BCF29B689F30019DB36 /* RecipeView.swift in Sources */,
			);
			runOnlyForDeploymentPostprocessing = 0;
		};
		EA2C9BAB29B686E50019DB36 /* Sources */ = {
			isa = PBXSourcesBuildPhase;
			buildActionMask = 2147483647;
			files = (
				EA51E11C29E1E8E200F5EC59 /* RecipeListViewModelTests.swift in Sources */,
				EA72714F29E08D50004FD801 /* CategoryListViewModelTests.swift in Sources */,
				EA2C9BB429B686E50019DB36 /* RecipeViewModelTests.swift in Sources */,
				EA51E12629E1FB8E00F5EC59 /* GenerateRecipeViewModelTests.swift in Sources */,
			);
			runOnlyForDeploymentPostprocessing = 0;
		};
/* End PBXSourcesBuildPhase section */

/* Begin PBXTargetDependency section */
		EA2C9BB129B686E50019DB36 /* PBXTargetDependency */ = {
			isa = PBXTargetDependency;
			target = EA2C9B9929B686E20019DB36 /* Recipes */;
			targetProxy = EA2C9BB029B686E50019DB36 /* PBXContainerItemProxy */;
		};
/* End PBXTargetDependency section */

/* Begin XCBuildConfiguration section */
		EA2C9BC129B686E50019DB36 /* Debug */ = {
			isa = XCBuildConfiguration;
			buildSettings = {
				ALWAYS_SEARCH_USER_PATHS = NO;
				CLANG_ANALYZER_NONNULL = YES;
				CLANG_ANALYZER_NUMBER_OBJECT_CONVERSION = YES_AGGRESSIVE;
				CLANG_CXX_LANGUAGE_STANDARD = "gnu++20";
				CLANG_ENABLE_MODULES = YES;
				CLANG_ENABLE_OBJC_ARC = YES;
				CLANG_ENABLE_OBJC_WEAK = YES;
				CLANG_WARN_BLOCK_CAPTURE_AUTORELEASING = YES;
				CLANG_WARN_BOOL_CONVERSION = YES;
				CLANG_WARN_COMMA = YES;
				CLANG_WARN_CONSTANT_CONVERSION = YES;
				CLANG_WARN_DEPRECATED_OBJC_IMPLEMENTATIONS = YES;
				CLANG_WARN_DIRECT_OBJC_ISA_USAGE = YES_ERROR;
				CLANG_WARN_DOCUMENTATION_COMMENTS = YES;
				CLANG_WARN_EMPTY_BODY = YES;
				CLANG_WARN_ENUM_CONVERSION = YES;
				CLANG_WARN_INFINITE_RECURSION = YES;
				CLANG_WARN_INT_CONVERSION = YES;
				CLANG_WARN_NON_LITERAL_NULL_CONVERSION = YES;
				CLANG_WARN_OBJC_IMPLICIT_RETAIN_SELF = YES;
				CLANG_WARN_OBJC_LITERAL_CONVERSION = YES;
				CLANG_WARN_OBJC_ROOT_CLASS = YES_ERROR;
				CLANG_WARN_QUOTED_INCLUDE_IN_FRAMEWORK_HEADER = YES;
				CLANG_WARN_RANGE_LOOP_ANALYSIS = YES;
				CLANG_WARN_STRICT_PROTOTYPES = YES;
				CLANG_WARN_SUSPICIOUS_MOVE = YES;
				CLANG_WARN_UNGUARDED_AVAILABILITY = YES_AGGRESSIVE;
				CLANG_WARN_UNREACHABLE_CODE = YES;
				CLANG_WARN__DUPLICATE_METHOD_MATCH = YES;
				COPY_PHASE_STRIP = NO;
				DEBUG_INFORMATION_FORMAT = dwarf;
				ENABLE_STRICT_OBJC_MSGSEND = YES;
				ENABLE_TESTABILITY = YES;
				GCC_C_LANGUAGE_STANDARD = gnu11;
				GCC_DYNAMIC_NO_PIC = NO;
				GCC_NO_COMMON_BLOCKS = YES;
				GCC_OPTIMIZATION_LEVEL = 0;
				GCC_PREPROCESSOR_DEFINITIONS = (
					"DEBUG=1",
					"$(inherited)",
				);
				GCC_WARN_64_TO_32_BIT_CONVERSION = YES;
				GCC_WARN_ABOUT_RETURN_TYPE = YES_ERROR;
				GCC_WARN_UNDECLARED_SELECTOR = YES;
				GCC_WARN_UNINITIALIZED_AUTOS = YES_AGGRESSIVE;
				GCC_WARN_UNUSED_FUNCTION = YES;
				GCC_WARN_UNUSED_VARIABLE = YES;
				IPHONEOS_DEPLOYMENT_TARGET = 16.1;
				MTL_ENABLE_DEBUG_INFO = INCLUDE_SOURCE;
				MTL_FAST_MATH = YES;
				ONLY_ACTIVE_ARCH = YES;
				SDKROOT = iphoneos;
				SWIFT_ACTIVE_COMPILATION_CONDITIONS = DEBUG;
				SWIFT_OPTIMIZATION_LEVEL = "-Onone";
			};
			name = Debug;
		};
		EA2C9BC229B686E50019DB36 /* Release */ = {
			isa = XCBuildConfiguration;
			buildSettings = {
				ALWAYS_SEARCH_USER_PATHS = NO;
				CLANG_ANALYZER_NONNULL = YES;
				CLANG_ANALYZER_NUMBER_OBJECT_CONVERSION = YES_AGGRESSIVE;
				CLANG_CXX_LANGUAGE_STANDARD = "gnu++20";
				CLANG_ENABLE_MODULES = YES;
				CLANG_ENABLE_OBJC_ARC = YES;
				CLANG_ENABLE_OBJC_WEAK = YES;
				CLANG_WARN_BLOCK_CAPTURE_AUTORELEASING = YES;
				CLANG_WARN_BOOL_CONVERSION = YES;
				CLANG_WARN_COMMA = YES;
				CLANG_WARN_CONSTANT_CONVERSION = YES;
				CLANG_WARN_DEPRECATED_OBJC_IMPLEMENTATIONS = YES;
				CLANG_WARN_DIRECT_OBJC_ISA_USAGE = YES_ERROR;
				CLANG_WARN_DOCUMENTATION_COMMENTS = YES;
				CLANG_WARN_EMPTY_BODY = YES;
				CLANG_WARN_ENUM_CONVERSION = YES;
				CLANG_WARN_INFINITE_RECURSION = YES;
				CLANG_WARN_INT_CONVERSION = YES;
				CLANG_WARN_NON_LITERAL_NULL_CONVERSION = YES;
				CLANG_WARN_OBJC_IMPLICIT_RETAIN_SELF = YES;
				CLANG_WARN_OBJC_LITERAL_CONVERSION = YES;
				CLANG_WARN_OBJC_ROOT_CLASS = YES_ERROR;
				CLANG_WARN_QUOTED_INCLUDE_IN_FRAMEWORK_HEADER = YES;
				CLANG_WARN_RANGE_LOOP_ANALYSIS = YES;
				CLANG_WARN_STRICT_PROTOTYPES = YES;
				CLANG_WARN_SUSPICIOUS_MOVE = YES;
				CLANG_WARN_UNGUARDED_AVAILABILITY = YES_AGGRESSIVE;
				CLANG_WARN_UNREACHABLE_CODE = YES;
				CLANG_WARN__DUPLICATE_METHOD_MATCH = YES;
				COPY_PHASE_STRIP = NO;
				DEBUG_INFORMATION_FORMAT = "dwarf-with-dsym";
				ENABLE_NS_ASSERTIONS = NO;
				ENABLE_STRICT_OBJC_MSGSEND = YES;
				GCC_C_LANGUAGE_STANDARD = gnu11;
				GCC_NO_COMMON_BLOCKS = YES;
				GCC_WARN_64_TO_32_BIT_CONVERSION = YES;
				GCC_WARN_ABOUT_RETURN_TYPE = YES_ERROR;
				GCC_WARN_UNDECLARED_SELECTOR = YES;
				GCC_WARN_UNINITIALIZED_AUTOS = YES_AGGRESSIVE;
				GCC_WARN_UNUSED_FUNCTION = YES;
				GCC_WARN_UNUSED_VARIABLE = YES;
				IPHONEOS_DEPLOYMENT_TARGET = 16.1;
				MTL_ENABLE_DEBUG_INFO = NO;
				MTL_FAST_MATH = YES;
				SDKROOT = iphoneos;
				SWIFT_COMPILATION_MODE = wholemodule;
				SWIFT_OPTIMIZATION_LEVEL = "-O";
				VALIDATE_PRODUCT = YES;
			};
			name = Release;
		};
		EA2C9BC429B686E50019DB36 /* Debug */ = {
			isa = XCBuildConfiguration;
			buildSettings = {
				ASSETCATALOG_COMPILER_APPICON_NAME = AppIcon;
				ASSETCATALOG_COMPILER_GLOBAL_ACCENT_COLOR_NAME = AccentColor;
				CODE_SIGN_STYLE = Automatic;
				CURRENT_PROJECT_VERSION = 1;
				DEVELOPMENT_TEAM = 3NT7YH4NA6;
				ENABLE_PREVIEWS = YES;
				GENERATE_INFOPLIST_FILE = YES;
				INFOPLIST_KEY_NSCameraUsageDescription = "Please enable camera access in order to take photos of recipes and food imagery.";
				INFOPLIST_KEY_UIApplicationSceneManifest_Generation = YES;
				INFOPLIST_KEY_UIApplicationSupportsIndirectInputEvents = YES;
				INFOPLIST_KEY_UILaunchScreen_Generation = YES;
				INFOPLIST_KEY_UISupportedInterfaceOrientations_iPad = "UIInterfaceOrientationPortrait UIInterfaceOrientationPortraitUpsideDown UIInterfaceOrientationLandscapeLeft UIInterfaceOrientationLandscapeRight";
				INFOPLIST_KEY_UISupportedInterfaceOrientations_iPhone = "UIInterfaceOrientationPortrait UIInterfaceOrientationLandscapeLeft UIInterfaceOrientationLandscapeRight";
				LD_RUNPATH_SEARCH_PATHS = (
					"$(inherited)",
					"@executable_path/Frameworks",
				);
				MARKETING_VERSION = 1.0;
				PRODUCT_BUNDLE_IDENTIFIER = com.tonyshort.recipes.Recipes;
				PRODUCT_NAME = "$(TARGET_NAME)";
				SWIFT_EMIT_LOC_STRINGS = YES;
				SWIFT_VERSION = 5.0;
				TARGETED_DEVICE_FAMILY = "1,2";
			};
			name = Debug;
		};
		EA2C9BC529B686E50019DB36 /* Release */ = {
			isa = XCBuildConfiguration;
			buildSettings = {
				ASSETCATALOG_COMPILER_APPICON_NAME = AppIcon;
				ASSETCATALOG_COMPILER_GLOBAL_ACCENT_COLOR_NAME = AccentColor;
				CODE_SIGN_STYLE = Automatic;
				CURRENT_PROJECT_VERSION = 1;
				DEVELOPMENT_TEAM = 3NT7YH4NA6;
				ENABLE_PREVIEWS = YES;
				GENERATE_INFOPLIST_FILE = YES;
				INFOPLIST_KEY_NSCameraUsageDescription = "Please enable camera access in order to take photos of recipes and food imagery.";
				INFOPLIST_KEY_UIApplicationSceneManifest_Generation = YES;
				INFOPLIST_KEY_UIApplicationSupportsIndirectInputEvents = YES;
				INFOPLIST_KEY_UILaunchScreen_Generation = YES;
				INFOPLIST_KEY_UISupportedInterfaceOrientations_iPad = "UIInterfaceOrientationPortrait UIInterfaceOrientationPortraitUpsideDown UIInterfaceOrientationLandscapeLeft UIInterfaceOrientationLandscapeRight";
				INFOPLIST_KEY_UISupportedInterfaceOrientations_iPhone = "UIInterfaceOrientationPortrait UIInterfaceOrientationLandscapeLeft UIInterfaceOrientationLandscapeRight";
				LD_RUNPATH_SEARCH_PATHS = (
					"$(inherited)",
					"@executable_path/Frameworks",
				);
				MARKETING_VERSION = 1.0;
				PRODUCT_BUNDLE_IDENTIFIER = com.tonyshort.recipes.Recipes;
				PRODUCT_NAME = "$(TARGET_NAME)";
				SWIFT_EMIT_LOC_STRINGS = YES;
				SWIFT_VERSION = 5.0;
				TARGETED_DEVICE_FAMILY = "1,2";
			};
			name = Release;
		};
		EA2C9BC729B686E50019DB36 /* Debug */ = {
			isa = XCBuildConfiguration;
			buildSettings = {
				ALWAYS_EMBED_SWIFT_STANDARD_LIBRARIES = YES;
				BUNDLE_LOADER = "$(TEST_HOST)";
				CODE_SIGN_STYLE = Automatic;
				CURRENT_PROJECT_VERSION = 1;
				DEVELOPMENT_TEAM = 3NT7YH4NA6;
				GENERATE_INFOPLIST_FILE = YES;
				IPHONEOS_DEPLOYMENT_TARGET = 16.1;
				MARKETING_VERSION = 1.0;
				PRODUCT_BUNDLE_IDENTIFIER = com.tonyshort.recipes.RecipesTests;
				PRODUCT_NAME = "$(TARGET_NAME)";
				SWIFT_EMIT_LOC_STRINGS = NO;
				SWIFT_VERSION = 5.0;
				TARGETED_DEVICE_FAMILY = "1,2";
				TEST_HOST = "$(BUILT_PRODUCTS_DIR)/Recipes.app/$(BUNDLE_EXECUTABLE_FOLDER_PATH)/Recipes";
			};
			name = Debug;
		};
		EA2C9BC829B686E50019DB36 /* Release */ = {
			isa = XCBuildConfiguration;
			buildSettings = {
				ALWAYS_EMBED_SWIFT_STANDARD_LIBRARIES = YES;
				BUNDLE_LOADER = "$(TEST_HOST)";
				CODE_SIGN_STYLE = Automatic;
				CURRENT_PROJECT_VERSION = 1;
				DEVELOPMENT_TEAM = 3NT7YH4NA6;
				GENERATE_INFOPLIST_FILE = YES;
				IPHONEOS_DEPLOYMENT_TARGET = 16.1;
				MARKETING_VERSION = 1.0;
				PRODUCT_BUNDLE_IDENTIFIER = com.tonyshort.recipes.RecipesTests;
				PRODUCT_NAME = "$(TARGET_NAME)";
				SWIFT_EMIT_LOC_STRINGS = NO;
				SWIFT_VERSION = 5.0;
				TARGETED_DEVICE_FAMILY = "1,2";
				TEST_HOST = "$(BUILT_PRODUCTS_DIR)/Recipes.app/$(BUNDLE_EXECUTABLE_FOLDER_PATH)/Recipes";
			};
			name = Release;
		};
/* End XCBuildConfiguration section */

/* Begin XCConfigurationList section */
		EA2C9B9529B686E20019DB36 /* Build configuration list for PBXProject "Recipes" */ = {
			isa = XCConfigurationList;
			buildConfigurations = (
				EA2C9BC129B686E50019DB36 /* Debug */,
				EA2C9BC229B686E50019DB36 /* Release */,
			);
			defaultConfigurationIsVisible = 0;
			defaultConfigurationName = Release;
		};
		EA2C9BC329B686E50019DB36 /* Build configuration list for PBXNativeTarget "Recipes" */ = {
			isa = XCConfigurationList;
			buildConfigurations = (
				EA2C9BC429B686E50019DB36 /* Debug */,
				EA2C9BC529B686E50019DB36 /* Release */,
			);
			defaultConfigurationIsVisible = 0;
			defaultConfigurationName = Release;
		};
		EA2C9BC629B686E50019DB36 /* Build configuration list for PBXNativeTarget "RecipesTests" */ = {
			isa = XCConfigurationList;
			buildConfigurations = (
				EA2C9BC729B686E50019DB36 /* Debug */,
				EA2C9BC829B686E50019DB36 /* Release */,
			);
			defaultConfigurationIsVisible = 0;
			defaultConfigurationName = Release;
		};
/* End XCConfigurationList section */

/* Begin XCVersionGroup section */
		EA2C9BA829B686E40019DB36 /* Recipes.xcdatamodeld */ = {
			isa = XCVersionGroup;
			children = (
				EA2C9BA929B686E40019DB36 /* Recipes.xcdatamodel */,
			);
			currentVersion = EA2C9BA929B686E40019DB36 /* Recipes.xcdatamodel */;
			path = Recipes.xcdatamodeld;
			sourceTree = "<group>";
			versionGroupType = wrapper.xcdatamodel;
		};
/* End XCVersionGroup section */
	};
	rootObject = EA2C9B9229B686E20019DB36 /* Project object */;
}
